
Microsoft Visual Studio Solution File, Format Version 12.00
# Visual Studio Version 17
VisualStudioVersion = 17.5.33502.453
MinimumVisualStudioVersion = 10.0.40219.1
Project("{FAE04EC0-301F-11D3-BF4B-00C04F79EFBC}") = "PrimeFactorsApp", "PrimeFactorsApp\PrimeFactorsApp.csproj", "{301867B9-C3FD-4FDB-9156-B915EF8EB96C}"
EndProject
Project("{FAE04EC0-301F-11D3-BF4B-00C04F79EFBC}") = "PrimeFactorsLib", "PrimeFactorsLib\PrimeFactorsLib.csproj", "{40A40DC7-9BF9-4BD8-B3E2-D3814A040345}"
EndProject
Project("{FAE04EC0-301F-11D3-BF4B-00C04F79EFBC}") = "PrimeFactorsTests", "PrimeFactorsTests\PrimeFactorsTests.csproj", "{325015BE-F02D-430B-8037-AEF231226003}"
EndProject
Global
	GlobalSection(SolutionConfigurationPlatforms) = preSolution
		Debug|Any CPU = Debug|Any CPU
		Release|Any CPU = Release|Any CPU
	EndGlobalSection
	GlobalSection(ProjectConfigurationPlatforms) = postSolution
		{301867B9-C3FD-4FDB-9156-B915EF8EB96C}.Debug|Any CPU.ActiveCfg = Debug|Any CPU
		{301867B9-C3FD-4FDB-9156-B915EF8EB96C}.Debug|Any CPU.Build.0 = Debug|Any CPU
		{301867B9-C3FD-4FDB-9156-B915EF8EB96C}.Release|Any CPU.ActiveCfg = Release|Any CPU
		{301867B9-C3FD-4FDB-9156-B915EF8EB96C}.Release|Any CPU.Build.0 = Release|Any CPU
		{40A40DC7-9BF9-4BD8-B3E2-D3814A040345}.Debug|Any CPU.ActiveCfg = Debug|Any CPU
		{40A40DC7-9BF9-4BD8-B3E2-D3814A040345}.Debug|Any CPU.Build.0 = Debug|Any CPU
		{40A40DC7-9BF9-4BD8-B3E2-D3814A040345}.Release|Any CPU.ActiveCfg = Release|Any CPU
		{40A40DC7-9BF9-4BD8-B3E2-D3814A040345}.Release|Any CPU.Build.0 = Release|Any CPU
		{325015BE-F02D-430B-8037-AEF231226003}.Debug|Any CPU.ActiveCfg = Debug|Any CPU
		{325015BE-F02D-430B-8037-AEF231226003}.Debug|Any CPU.Build.0 = Debug|Any CPU
		{325015BE-F02D-430B-8037-AEF231226003}.Release|Any CPU.ActiveCfg = Release|Any CPU
		{325015BE-F02D-430B-8037-AEF231226003}.Release|Any CPU.Build.0 = Release|Any CPU
	EndGlobalSection
	GlobalSection(SolutionProperties) = preSolution
		HideSolutionNode = FALSE
	EndGlobalSection
	GlobalSection(ExtensibilityGlobals) = postSolution
		SolutionGuid = {6D45D1B5-9EDB-49F3-8BA1-29B66A2F6C9D}
	EndGlobalSection
EndGlobal
